
Microsoft Visual Studio Solution File, Format Version 12.00
Project("{FAE04EC0-301F-11D3-BF4B-00C04F79EFBC}") = "Meerkat", "Meerkat\Meerkat.csproj", "{89FD0E5E-9338-41F0-9541-103622FA11F5}"
EndProject
Global
	GlobalSection(SolutionConfigurationPlatforms) = preSolution
		Debug|Any CPU = Debug|Any CPU
		Release|Any CPU = Release|Any CPU
	EndGlobalSection
	GlobalSection(ProjectConfigurationPlatforms) = postSolution
		{89FD0E5E-9338-41F0-9541-103622FA11F5}.Debug|Any CPU.ActiveCfg = Debug|Any CPU
		{89FD0E5E-9338-41F0-9541-103622FA11F5}.Debug|Any CPU.Build.0 = Debug|Any CPU
		{89FD0E5E-9338-41F0-9541-103622FA11F5}.Release|Any CPU.ActiveCfg = Release|Any CPU
		{89FD0E5E-9338-41F0-9541-103622FA11F5}.Release|Any CPU.Build.0 = Release|Any CPU
	EndGlobalSection
EndGlobal
